// !$*UTF8*$!
{
	archiveVersion = 1;
	classes = {
	};
	objectVersion = 46;
	objects = {

/* Begin PBXBuildFile section */
		D0F67E5C1EE789C300D50B8F /* main.m in Sources */ = {isa = PBXBuildFile; fileRef = D0F67E5B1EE789C300D50B8F /* main.m */; };
		D0F67E5F1EE789C300D50B8F /* AppDelegate.m in Sources */ = {isa = PBXBuildFile; fileRef = D0F67E5E1EE789C300D50B8F /* AppDelegate.m */; };
		D0F67E621EE789C300D50B8F /* ViewController.m in Sources */ = {isa = PBXBuildFile; fileRef = D0F67E611EE789C300D50B8F /* ViewController.m */; };
		D0F67E651EE789C300D50B8F /* Main.storyboard in Resources */ = {isa = PBXBuildFile; fileRef = D0F67E631EE789C300D50B8F /* Main.storyboard */; };
		D0F67E671EE789C300D50B8F /* Assets.xcassets in Resources */ = {isa = PBXBuildFile; fileRef = D0F67E661EE789C300D50B8F /* Assets.xcassets */; };
		D0F67E6A1EE789C300D50B8F /* LaunchScreen.storyboard in Resources */ = {isa = PBXBuildFile; fileRef = D0F67E681EE789C300D50B8F /* LaunchScreen.storyboard */; };
		D0F67E741EE789FC00D50B8F /* HRAddressPickerView.m in Sources */ = {isa = PBXBuildFile; fileRef = D0F67E731EE789FC00D50B8F /* HRAddressPickerView.m */; };
/* End PBXBuildFile section */

/* Begin PBXFileReference section */
		D0F67E571EE789C300D50B8F /* HRAddressPickerViewDemo.app */ = {isa = PBXFileReference; explicitFileType = wrapper.application; includeInIndex = 0; path = HRAddressPickerViewDemo.app; sourceTree = BUILT_PRODUCTS_DIR; };
		D0F67E5B1EE789C300D50B8F /* main.m */ = {isa = PBXFileReference; lastKnownFileType = sourcecode.c.objc; path = main.m; sourceTree = "<group>"; };
		D0F67E5D1EE789C300D50B8F /* AppDelegate.h */ = {isa = PBXFileReference; lastKnownFileType = sourcecode.c.h; path = AppDelegate.h; sourceTree = "<group>"; };
		D0F67E5E1EE789C300D50B8F /* AppDelegate.m */ = {isa = PBXFileReference; lastKnownFileType = sourcecode.c.objc; path = AppDelegate.m; sourceTree = "<group>"; };
		D0F67E601EE789C300D50B8F /* ViewController.h */ = {isa = PBXFileReference; lastKnownFileType = sourcecode.c.h; path = ViewController.h; sourceTree = "<group>"; };
		D0F67E611EE789C300D50B8F /* ViewController.m */ = {isa = PBXFileReference; lastKnownFileType = sourcecode.c.objc; path = ViewController.m; sourceTree = "<group>"; };
		D0F67E641EE789C300D50B8F /* Base */ = {isa = PBXFileReference; lastKnownFileType = file.storyboard; name = Base; path = Base.lproj/Main.storyboard; sourceTree = "<group>"; };
		D0F67E661EE789C300D50B8F /* Assets.xcassets */ = {isa = PBXFileReference; lastKnownFileType = folder.assetcatalog; path = Assets.xcassets; sourceTree = "<group>"; };
		D0F67E691EE789C300D50B8F /* Base */ = {isa = PBXFileReference; lastKnownFileType = file.storyboard; name = Base; path = Base.lproj/LaunchScreen.storyboard; sourceTree = "<group>"; };
		D0F67E6B1EE789C300D50B8F /* Info.plist */ = {isa = PBXFileReference; lastKnownFileType = text.plist.xml; path = Info.plist; sourceTree = "<group>"; };
		D0F67E721EE789FC00D50B8F /* HRAddressPickerView.h */ = {isa = PBXFileReference; fileEncoding = 4; lastKnownFileType = sourcecode.c.h; path = HRAddressPickerView.h; sourceTree = "<group>"; };
		D0F67E731EE789FC00D50B8F /* HRAddressPickerView.m */ = {isa = PBXFileReference; fileEncoding = 4; lastKnownFileType = sourcecode.c.objc; path = HRAddressPickerView.m; sourceTree = "<group>"; };
/* End PBXFileReference section */

/* Begin PBXFrameworksBuildPhase section */
		D0F67E541EE789C300D50B8F /* Frameworks */ = {
			isa = PBXFrameworksBuildPhase;
			buildActionMask = 2147483647;
			files = (
			);
			runOnlyForDeploymentPostprocessing = 0;
		};
/* End PBXFrameworksBuildPhase section */

/* Begin PBXGroup section */
		D0F67E4E1EE789C300D50B8F = {
			isa = PBXGroup;
			children = (
				D0F67E591EE789C300D50B8F /* HRAddressPickerViewDemo */,
				D0F67E581EE789C300D50B8F /* Products */,
			);
			sourceTree = "<group>";
		};
		D0F67E581EE789C300D50B8F /* Products */ = {
			isa = PBXGroup;
			children = (
				D0F67E571EE789C300D50B8F /* HRAddressPickerViewDemo.app */,
			);
			name = Products;
			sourceTree = "<group>";
		};
		D0F67E591EE789C300D50B8F /* HRAddressPickerViewDemo */ = {
			isa = PBXGroup;
			children = (
				D0F67E711EE789FC00D50B8F /* HRAddressPickerView */,
				D0F67E5D1EE789C300D50B8F /* AppDelegate.h */,
				D0F67E5E1EE789C300D50B8F /* AppDelegate.m */,
				D0F67E601EE789C300D50B8F /* ViewController.h */,
				D0F67E611EE789C300D50B8F /* ViewController.m */,
				D0F67E631EE789C300D50B8F /* Main.storyboard */,
				D0F67E661EE789C300D50B8F /* Assets.xcassets */,
				D0F67E681EE789C300D50B8F /* LaunchScreen.storyboard */,
				D0F67E6B1EE789C300D50B8F /* Info.plist */,
				D0F67E5A1EE789C300D50B8F /* Supporting Files */,
			);
			path = HRAddressPickerViewDemo;
			sourceTree = "<group>";
		};
		D0F67E5A1EE789C300D50B8F /* Supporting Files */ = {
			isa = PBXGroup;
			children = (
				D0F67E5B1EE789C300D50B8F /* main.m */,
			);
			name = "Supporting Files";
			sourceTree = "<group>";
		};
		D0F67E711EE789FC00D50B8F /* HRAddressPickerView */ = {
			isa = PBXGroup;
			children = (
				D0F67E721EE789FC00D50B8F /* HRAddressPickerView.h */,
				D0F67E731EE789FC00D50B8F /* HRAddressPickerView.m */,
			);
			path = HRAddressPickerView;
			sourceTree = "<group>";
		};
/* End PBXGroup section */

/* Begin PBXNativeTarget section */
		D0F67E561EE789C300D50B8F /* HRAddressPickerViewDemo */ = {
			isa = PBXNativeTarget;
			buildConfigurationList = D0F67E6E1EE789C300D50B8F /* Build configuration list for PBXNativeTarget "HRAddressPickerViewDemo" */;
			buildPhases = (
				D0F67E531EE789C300D50B8F /* Sources */,
				D0F67E541EE789C300D50B8F /* Frameworks */,
				D0F67E551EE789C300D50B8F /* Resources */,
			);
			buildRules = (
			);
			dependencies = (
			);
			name = HRAddressPickerViewDemo;
			productName = HRAddressPickerViewDemo;
			productReference = D0F67E571EE789C300D50B8F /* HRAddressPickerViewDemo.app */;
			productType = "com.apple.product-type.application";
		};
/* End PBXNativeTarget section */

/* Begin PBXProject section */
		D0F67E4F1EE789C300D50B8F /* Project object */ = {
			isa = PBXProject;
			attributes = {
				LastUpgradeCheck = 0830;
				ORGANIZATIONNAME = Zer0;
				TargetAttributes = {
					D0F67E561EE789C300D50B8F = {
						CreatedOnToolsVersion = 8.3.2;
						DevelopmentTeam = FM8ANWNW35;
						ProvisioningStyle = Automatic;
					};
				};
			};
			buildConfigurationList = D0F67E521EE789C300D50B8F /* Build configuration list for PBXProject "HRAddressPickerViewDemo" */;
			compatibilityVersion = "Xcode 3.2";
			developmentRegion = English;
			hasScannedForEncodings = 0;
			knownRegions = (
				en,
				Base,
			);
			mainGroup = D0F67E4E1EE789C300D50B8F;
			productRefGroup = D0F67E581EE789C300D50B8F /* Products */;
			projectDirPath = "";
			projectRoot = "";
			targets = (
				D0F67E561EE789C300D50B8F /* HRAddressPickerViewDemo */,
			);
		};
/* End PBXProject section */

/* Begin PBXResourcesBuildPhase section */
		D0F67E551EE789C300D50B8F /* Resources */ = {
			isa = PBXResourcesBuildPhase;
			buildActionMask = 2147483647;
			files = (
				D0F67E6A1EE789C300D50B8F /* LaunchScreen.storyboard in Resources */,
				D0F67E671EE789C300D50B8F /* Assets.xcassets in Resources */,
				D0F67E651EE789C300D50B8F /* Main.storyboard in Resources */,
			);
			runOnlyForDeploymentPostprocessing = 0;
		};
/* End PBXResourcesBuildPhase section */

/* Begin PBXSourcesBuildPhase section */
		D0F67E531EE789C300D50B8F /* Sources */ = {
			isa = PBXSourcesBuildPhase;
			buildActionMask = 2147483647;
			files = (
				D0F67E621EE789C300D50B8F /* ViewController.m in Sources */,
				D0F67E741EE789FC00D50B8F /* HRAddressPickerView.m in Sources */,
				D0F67E5F1EE789C300D50B8F /* AppDelegate.m in Sources */,
				D0F67E5C1EE789C300D50B8F /* main.m in Sources */,
			);
			runOnlyForDeploymentPostprocessing = 0;
		};
/* End PBXSourcesBuildPhase section */

/* Begin PBXVariantGroup section */
		D0F67E631EE789C300D50B8F /* Main.storyboard */ = {
			isa = PBXVariantGroup;
			children = (
				D0F67E641EE789C300D50B8F /* Base */,
			);
			name = Main.storyboard;
			sourceTree = "<group>";
		};
		D0F67E681EE789C300D50B8F /* LaunchScreen.storyboard */ = {
			isa = PBXVariantGroup;
			children = (
				D0F67E691EE789C300D50B8F /* Base */,
			);
			name = LaunchScreen.storyboard;
			sourceTree = "<group>";
		};
/* End PBXVariantGroup section */

/* Begin XCBuildConfiguration section */
		D0F67E6C1EE789C300D50B8F /* Debug */ = {
			isa = XCBuildConfiguration;
			buildSettings = {
				ALWAYS_SEARCH_USER_PATHS = NO;
				CLANG_ANALYZER_NONNULL = YES;
				CLANG_ANALYZER_NUMBER_OBJECT_CONVERSION = YES_AGGRESSIVE;
				CLANG_CXX_LANGUAGE_STANDARD = "gnu++0x";
				CLANG_CXX_LIBRARY = "libc++";
				CLANG_ENABLE_MODULES = YES;
				CLANG_ENABLE_OBJC_ARC = YES;
				CLANG_WARN_BOOL_CONVERSION = YES;
				CLANG_WARN_CONSTANT_CONVERSION = YES;
				CLANG_WARN_DIRECT_OBJC_ISA_USAGE = YES_ERROR;
				CLANG_WARN_DOCUMENTATION_COMMENTS = YES;
				CLANG_WARN_EMPTY_BODY = YES;
				CLANG_WARN_ENUM_CONVERSION = YES;
				CLANG_WARN_INFINITE_RECURSION = YES;
				CLANG_WARN_INT_CONVERSION = YES;
				CLANG_WARN_OBJC_ROOT_CLASS = YES_ERROR;
				CLANG_WARN_SUSPICIOUS_MOVE = YES;
				CLANG_WARN_UNREACHABLE_CODE = YES;
				CLANG_WARN__DUPLICATE_METHOD_MATCH = YES;
				"CODE_SIGN_IDENTITY[sdk=iphoneos*]" = "iPhone Developer";
				COPY_PHASE_STRIP = NO;
				DEBUG_INFORMATION_FORMAT = dwarf;
				ENABLE_STRICT_OBJC_MSGSEND = YES;
				ENABLE_TESTABILITY = YES;
				GCC_C_LANGUAGE_STANDARD = gnu99;
				GCC_DYNAMIC_NO_PIC = NO;
				GCC_NO_COMMON_BLOCKS = YES;
				GCC_OPTIMIZATION_LEVEL = 0;
				GCC_PREPROCESSOR_DEFINITIONS = (
					"DEBUG=1",
					"$(inherited)",
				);
				GCC_WARN_64_TO_32_BIT_CONVERSION = YES;
				GCC_WARN_ABOUT_RETURN_TYPE = YES_ERROR;
				GCC_WARN_UNDECLARED_SELECTOR = YES;
				GCC_WARN_UNINITIALIZED_AUTOS = YES_AGGRESSIVE;
				GCC_WARN_UNUSED_FUNCTION = YES;
				GCC_WARN_UNUSED_VARIABLE = YES;
				IPHONEOS_DEPLOYMENT_TARGET = 10.3;
				MTL_ENABLE_DEBUG_INFO = YES;
				ONLY_ACTIVE_ARCH = YES;
				SDKROOT = iphoneos;
				TARGETED_DEVICE_FAMILY = "1,2";
			};
			name = Debug;
		};
		D0F67E6D1EE789C300D50B8F /* Release */ = {
			isa = XCBuildConfiguration;
			buildSettings = {
				ALWAYS_SEARCH_USER_PATHS = NO;
				CLANG_ANALYZER_NONNULL = YES;
				CLANG_ANALYZER_NUMBER_OBJECT_CONVERSION = YES_AGGRESSIVE;
				CLANG_CXX_LANGUAGE_STANDARD = "gnu++0x";
				CLANG_CXX_LIBRARY = "libc++";
				CLANG_ENABLE_MODULES = YES;
				CLANG_ENABLE_OBJC_ARC = YES;
				CLANG_WARN_BOOL_CONVERSION = YES;
				CLANG_WARN_CONSTANT_CONVERSION = YES;
				CLANG_WARN_DIRECT_OBJC_ISA_USAGE = YES_ERROR;
				CLANG_WARN_DOCUMENTATION_COMMENTS = YES;
				CLANG_WARN_EMPTY_BODY = YES;
				CLANG_WARN_ENUM_CONVERSION = YES;
				CLANG_WARN_INFINITE_RECURSION = YES;
				CLANG_WARN_INT_CONVERSION = YES;
				CLANG_WARN_OBJC_ROOT_CLASS = YES_ERROR;
				CLANG_WARN_SUSPICIOUS_MOVE = YES;
				CLANG_WARN_UNREACHABLE_CODE = YES;
				CLANG_WARN__DUPLICATE_METHOD_MATCH = YES;
				"CODE_SIGN_IDENTITY[sdk=iphoneos*]" = "iPhone Developer";
				COPY_PHASE_STRIP = NO;
				DEBUG_INFORMATION_FORMAT = "dwarf-with-dsym";
				ENABLE_NS_ASSERTIONS = NO;
				ENABLE_STRICT_OBJC_MSGSEND = YES;
				GCC_C_LANGUAGE_STANDARD = gnu99;
				GCC_NO_COMMON_BLOCKS = YES;
				GCC_WARN_64_TO_32_BIT_CONVERSION = YES;
				GCC_WARN_ABOUT_RETURN_TYPE = YES_ERROR;
				GCC_WARN_UNDECLARED_SELECTOR = YES;
				GCC_WARN_UNINITIALIZED_AUTOS = YES_AGGRESSIVE;
				GCC_WARN_UNUSED_FUNCTION = YES;
				GCC_WARN_UNUSED_VARIABLE = YES;
				IPHONEOS_DEPLOYMENT_TARGET = 10.3;
				MTL_ENABLE_DEBUG_INFO = NO;
				SDKROOT = iphoneos;
				TARGETED_DEVICE_FAMILY = "1,2";
				VALIDATE_PRODUCT = YES;
			};
			name = Release;
		};
		D0F67E6F1EE789C300D50B8F /* Debug */ = {
			isa = XCBuildConfiguration;
			buildSettings = {
				ASSETCATALOG_COMPILER_APPICON_NAME = AppIcon;
				DEVELOPMENT_TEAM = FM8ANWNW35;
				INFOPLIST_FILE = HRAddressPickerViewDemo/Info.plist;
				IPHONEOS_DEPLOYMENT_TARGET = 8.0;
				LD_RUNPATH_SEARCH_PATHS = "$(inherited) @executable_path/Frameworks";
				PRODUCT_BUNDLE_IDENTIFIER = www.onecode.HRAddressPickerViewDemo;
				PRODUCT_NAME = "$(TARGET_NAME)";
			};
			name = Debug;
		};
		D0F67E701EE789C300D50B8F /* Release */ = {
			isa = XCBuildConfiguration;
			buildSettings = {
				ASSETCATALOG_COMPILER_APPICON_NAME = AppIcon;
				DEVELOPMENT_TEAM = FM8ANWNW35;
				INFOPLIST_FILE = HRAddressPickerViewDemo/Info.plist;
				IPHONEOS_DEPLOYMENT_TARGET = 8.0;
				LD_RUNPATH_SEARCH_PATHS = "$(inherited) @executable_path/Frameworks";
				PRODUCT_BUNDLE_IDENTIFIER = www.onecode.HRAddressPickerViewDemo;
				PRODUCT_NAME = "$(TARGET_NAME)";
			};
			name = Release;
		};
/* End XCBuildConfiguration section */

/* Begin XCConfigurationList section */
		D0F67E521EE789C300D50B8F /* Build configuration list for PBXProject "HRAddressPickerViewDemo" */ = {
			isa = XCConfigurationList;
			buildConfigurations = (
				D0F67E6C1EE789C300D50B8F /* Debug */,
				D0F67E6D1EE789C300D50B8F /* Release */,
			);
			defaultConfigurationIsVisible = 0;
			defaultConfigurationName = Release;
		};
		D0F67E6E1EE789C300D50B8F /* Build configuration list for PBXNativeTarget "HRAddressPickerViewDemo" */ = {
			isa = XCConfigurationList;
			buildConfigurations = (
				D0F67E6F1EE789C300D50B8F /* Debug */,
				D0F67E701EE789C300D50B8F /* Release */,
			);
			defaultConfigurationIsVisible = 0;
		};
/* End XCConfigurationList section */
	};
	rootObject = D0F67E4F1EE789C300D50B8F /* Project object */;
}
